
Microsoft Visual Studio Solution File, Format Version 12.00
Project("{FAE04EC0-301F-11D3-BF4B-00C04F79EFBC}") = "Calculator", "Calculator\Calculator.csproj", "{AEAF081D-BC0C-4C40-B0A1-AB25ED80E919}"
EndProject
Global
	GlobalSection(SolutionConfigurationPlatforms) = preSolution
		Debug|Any CPU = Debug|Any CPU
		Release|Any CPU = Release|Any CPU
	EndGlobalSection
	GlobalSection(ProjectConfigurationPlatforms) = postSolution
		{AEAF081D-BC0C-4C40-B0A1-AB25ED80E919}.Debug|Any CPU.ActiveCfg = Debug|Any CPU
		{AEAF081D-BC0C-4C40-B0A1-AB25ED80E919}.Debug|Any CPU.Build.0 = Debug|Any CPU
		{AEAF081D-BC0C-4C40-B0A1-AB25ED80E919}.Release|Any CPU.ActiveCfg = Release|Any CPU
		{AEAF081D-BC0C-4C40-B0A1-AB25ED80E919}.Release|Any CPU.Build.0 = Release|Any CPU
	EndGlobalSection
EndGlobal
